
Microsoft Visual Studio Solution File, Format Version 12.00
# Visual Studio Version 17
VisualStudioVersion = 17.4.33213.308
MinimumVisualStudioVersion = 10.0.40219.1
Project("{9A19103F-16F7-4668-BE54-9A1E7A4F7556}") = "HandicapCalc", "HandicapCalc\HandicapCalc.csproj", "{39A98349-1A8F-4B06-B054-F5274054952C}"
EndProject
Global
	GlobalSection(SolutionConfigurationPlatforms) = preSolution
		Debug|Any CPU = Debug|Any CPU
		Release|Any CPU = Release|Any CPU
	EndGlobalSection
	GlobalSection(ProjectConfigurationPlatforms) = postSolution
		{39A98349-1A8F-4B06-B054-F5274054952C}.Debug|Any CPU.ActiveCfg = Debug|Any CPU
		{39A98349-1A8F-4B06-B054-F5274054952C}.Debug|Any CPU.Build.0 = Debug|Any CPU
		{39A98349-1A8F-4B06-B054-F5274054952C}.Release|Any CPU.ActiveCfg = Release|Any CPU
		{39A98349-1A8F-4B06-B054-F5274054952C}.Release|Any CPU.Build.0 = Release|Any CPU
	EndGlobalSection
	GlobalSection(SolutionProperties) = preSolution
		HideSolutionNode = FALSE
	EndGlobalSection
	GlobalSection(ExtensibilityGlobals) = postSolution
		SolutionGuid = {65E55B0E-E60C-4B82-A792-65E60C71EC70}
	EndGlobalSection
EndGlobal
